// !$*UTF8*$!
{
	archiveVersion = 1;
	classes = {
	};
	objectVersion = 48;
	objects = {

/* Begin PBXBuildFile section */
		4E2B6BE21FA36DE400231B98 /* AppDelegate.swift in Sources */ = {isa = PBXBuildFile; fileRef = 4E2B6BE11FA36DE400231B98 /* AppDelegate.swift */; };
		4E2B6BE41FA36DE400231B98 /* ViewController.swift in Sources */ = {isa = PBXBuildFile; fileRef = 4E2B6BE31FA36DE400231B98 /* ViewController.swift */; };
		4E2B6BE71FA36DE400231B98 /* Main.storyboard in Resources */ = {isa = PBXBuildFile; fileRef = 4E2B6BE51FA36DE400231B98 /* Main.storyboard */; };
		4E2B6BE91FA36DE400231B98 /* Assets.xcassets in Resources */ = {isa = PBXBuildFile; fileRef = 4E2B6BE81FA36DE400231B98 /* Assets.xcassets */; };
		4E2B6BEC1FA36DE400231B98 /* LaunchScreen.storyboard in Resources */ = {isa = PBXBuildFile; fileRef = 4E2B6BEA1FA36DE400231B98 /* LaunchScreen.storyboard */; };
		4E2B6BF71FA36DE500231B98 /* TestEmbeddedFrameworkTests.swift in Sources */ = {isa = PBXBuildFile; fileRef = 4E2B6BF61FA36DE500231B98 /* TestEmbeddedFrameworkTests.swift */; };
		4E2B6C021FA36DE500231B98 /* TestEmbeddedFrameworkUITests.swift in Sources */ = {isa = PBXBuildFile; fileRef = 4E2B6C011FA36DE500231B98 /* TestEmbeddedFrameworkUITests.swift */; };
		4EB12F271FA378FB00C12F16 /* EmbeddedFramework.framework in Frameworks */ = {isa = PBXBuildFile; fileRef = 4EB12F261FA378FB00C12F16 /* EmbeddedFramework.framework */; };
		4EB12F291FA37D0F00C12F16 /* EmbeddedFramework.framework in Resources */ = {isa = PBXBuildFile; fileRef = 4EB12F261FA378FB00C12F16 /* EmbeddedFramework.framework */; };
/* End PBXBuildFile section */

/* Begin PBXContainerItemProxy section */
		4E2B6BF31FA36DE500231B98 /* PBXContainerItemProxy */ = {
			isa = PBXContainerItemProxy;
			containerPortal = 4E2B6BD61FA36DE400231B98 /* Project object */;
			proxyType = 1;
			remoteGlobalIDString = 4E2B6BDD1FA36DE400231B98;
			remoteInfo = TestEmbeddedFramework;
		};
		4E2B6BFE1FA36DE500231B98 /* PBXContainerItemProxy */ = {
			isa = PBXContainerItemProxy;
			containerPortal = 4E2B6BD61FA36DE400231B98 /* Project object */;
			proxyType = 1;
			remoteGlobalIDString = 4E2B6BDD1FA36DE400231B98;
			remoteInfo = TestEmbeddedFramework;
		};
/* End PBXContainerItemProxy section */

/* Begin PBXFileReference section */
		4E2B6BDE1FA36DE400231B98 /* TestEmbeddedFramework.app */ = {isa = PBXFileReference; explicitFileType = wrapper.application; includeInIndex = 0; path = TestEmbeddedFramework.app; sourceTree = BUILT_PRODUCTS_DIR; };
		4E2B6BE11FA36DE400231B98 /* AppDelegate.swift */ = {isa = PBXFileReference; lastKnownFileType = sourcecode.swift; path = AppDelegate.swift; sourceTree = "<group>"; };
		4E2B6BE31FA36DE400231B98 /* ViewController.swift */ = {isa = PBXFileReference; lastKnownFileType = sourcecode.swift; path = ViewController.swift; sourceTree = "<group>"; };
		4E2B6BE61FA36DE400231B98 /* Base */ = {isa = PBXFileReference; lastKnownFileType = file.storyboard; name = Base; path = Base.lproj/Main.storyboard; sourceTree = "<group>"; };
		4E2B6BE81FA36DE400231B98 /* Assets.xcassets */ = {isa = PBXFileReference; lastKnownFileType = folder.assetcatalog; path = Assets.xcassets; sourceTree = "<group>"; };
		4E2B6BEB1FA36DE400231B98 /* Base */ = {isa = PBXFileReference; lastKnownFileType = file.storyboard; name = Base; path = Base.lproj/LaunchScreen.storyboard; sourceTree = "<group>"; };
		4E2B6BED1FA36DE400231B98 /* Info.plist */ = {isa = PBXFileReference; lastKnownFileType = text.plist.xml; path = Info.plist; sourceTree = "<group>"; };
		4E2B6BF21FA36DE500231B98 /* TestEmbeddedFrameworkTests.xctest */ = {isa = PBXFileReference; explicitFileType = wrapper.cfbundle; includeInIndex = 0; path = TestEmbeddedFrameworkTests.xctest; sourceTree = BUILT_PRODUCTS_DIR; };
		4E2B6BF61FA36DE500231B98 /* TestEmbeddedFrameworkTests.swift */ = {isa = PBXFileReference; lastKnownFileType = sourcecode.swift; path = TestEmbeddedFrameworkTests.swift; sourceTree = "<group>"; };
		4E2B6BF81FA36DE500231B98 /* Info.plist */ = {isa = PBXFileReference; lastKnownFileType = text.plist.xml; path = Info.plist; sourceTree = "<group>"; };
		4E2B6BFD1FA36DE500231B98 /* TestEmbeddedFrameworkUITests.xctest */ = {isa = PBXFileReference; explicitFileType = wrapper.cfbundle; includeInIndex = 0; path = TestEmbeddedFrameworkUITests.xctest; sourceTree = BUILT_PRODUCTS_DIR; };
		4E2B6C011FA36DE500231B98 /* TestEmbeddedFrameworkUITests.swift */ = {isa = PBXFileReference; lastKnownFileType = sourcecode.swift; path = TestEmbeddedFrameworkUITests.swift; sourceTree = "<group>"; };
		4E2B6C031FA36DE500231B98 /* Info.plist */ = {isa = PBXFileReference; lastKnownFileType = text.plist.xml; path = Info.plist; sourceTree = "<group>"; };
		4EB12F261FA378FB00C12F16 /* EmbeddedFramework.framework */ = {isa = PBXFileReference; lastKnownFileType = wrapper.framework; name = EmbeddedFramework.framework; path = ../../EmbeddedFramework/Frameworks/EmbeddedFramework.framework; sourceTree = "<group>"; };
/* End PBXFileReference section */

/* Begin PBXFrameworksBuildPhase section */
		4E2B6BDB1FA36DE400231B98 /* Frameworks */ = {
			isa = PBXFrameworksBuildPhase;
			buildActionMask = 2147483647;
			files = (
				4EB12F271FA378FB00C12F16 /* EmbeddedFramework.framework in Frameworks */,
			);
			runOnlyForDeploymentPostprocessing = 0;
		};
		4E2B6BEF1FA36DE500231B98 /* Frameworks */ = {
			isa = PBXFrameworksBuildPhase;
			buildActionMask = 2147483647;
			files = (
			);
			runOnlyForDeploymentPostprocessing = 0;
		};
		4E2B6BFA1FA36DE500231B98 /* Frameworks */ = {
			isa = PBXFrameworksBuildPhase;
			buildActionMask = 2147483647;
			files = (
			);
			runOnlyForDeploymentPostprocessing = 0;
		};
/* End PBXFrameworksBuildPhase section */

/* Begin PBXGroup section */
		4E2B6BD51FA36DE400231B98 = {
			isa = PBXGroup;
			children = (
				4EA77E5C1FA378440074E597 /* EmbeddedFrameworks */,
				4E2B6BE01FA36DE400231B98 /* TestEmbeddedFramework */,
				4E2B6BF51FA36DE500231B98 /* TestEmbeddedFrameworkTests */,
				4E2B6C001FA36DE500231B98 /* TestEmbeddedFrameworkUITests */,
				4E2B6BDF1FA36DE400231B98 /* Products */,
			);
			sourceTree = "<group>";
		};
		4E2B6BDF1FA36DE400231B98 /* Products */ = {
			isa = PBXGroup;
			children = (
				4E2B6BDE1FA36DE400231B98 /* TestEmbeddedFramework.app */,
				4E2B6BF21FA36DE500231B98 /* TestEmbeddedFrameworkTests.xctest */,
				4E2B6BFD1FA36DE500231B98 /* TestEmbeddedFrameworkUITests.xctest */,
			);
			name = Products;
			sourceTree = "<group>";
		};
		4E2B6BE01FA36DE400231B98 /* TestEmbeddedFramework */ = {
			isa = PBXGroup;
			children = (
				4E2B6BE11FA36DE400231B98 /* AppDelegate.swift */,
				4E2B6BE31FA36DE400231B98 /* ViewController.swift */,
				4E2B6BE51FA36DE400231B98 /* Main.storyboard */,
				4E2B6BE81FA36DE400231B98 /* Assets.xcassets */,
				4E2B6BEA1FA36DE400231B98 /* LaunchScreen.storyboard */,
				4E2B6BED1FA36DE400231B98 /* Info.plist */,
			);
			path = TestEmbeddedFramework;
			sourceTree = "<group>";
		};
		4E2B6BF51FA36DE500231B98 /* TestEmbeddedFrameworkTests */ = {
			isa = PBXGroup;
			children = (
				4E2B6BF61FA36DE500231B98 /* TestEmbeddedFrameworkTests.swift */,
				4E2B6BF81FA36DE500231B98 /* Info.plist */,
			);
			path = TestEmbeddedFrameworkTests;
			sourceTree = "<group>";
		};
		4E2B6C001FA36DE500231B98 /* TestEmbeddedFrameworkUITests */ = {
			isa = PBXGroup;
			children = (
				4E2B6C011FA36DE500231B98 /* TestEmbeddedFrameworkUITests.swift */,
				4E2B6C031FA36DE500231B98 /* Info.plist */,
			);
			path = TestEmbeddedFrameworkUITests;
			sourceTree = "<group>";
		};
		4EA77E5C1FA378440074E597 /* EmbeddedFrameworks */ = {
			isa = PBXGroup;
			children = (
				4EB12F261FA378FB00C12F16 /* EmbeddedFramework.framework */,
			);
			path = EmbeddedFrameworks;
			sourceTree = "<group>";
		};
/* End PBXGroup section */

/* Begin PBXNativeTarget section */
		4E2B6BDD1FA36DE400231B98 /* TestEmbeddedFramework */ = {
			isa = PBXNativeTarget;
			buildConfigurationList = 4E2B6C061FA36DE500231B98 /* Build configuration list for PBXNativeTarget "TestEmbeddedFramework" */;
			buildPhases = (
				4E2B6BDA1FA36DE400231B98 /* Sources */,
				4E2B6BDB1FA36DE400231B98 /* Frameworks */,
				4E2B6BDC1FA36DE400231B98 /* Resources */,
			);
			buildRules = (
			);
			dependencies = (
			);
			name = TestEmbeddedFramework;
			productName = TestEmbeddedFramework;
			productReference = 4E2B6BDE1FA36DE400231B98 /* TestEmbeddedFramework.app */;
			productType = "com.apple.product-type.application";
		};
		4E2B6BF11FA36DE500231B98 /* TestEmbeddedFrameworkTests */ = {
			isa = PBXNativeTarget;
			buildConfigurationList = 4E2B6C091FA36DE500231B98 /* Build configuration list for PBXNativeTarget "TestEmbeddedFrameworkTests" */;
			buildPhases = (
				4E2B6BEE1FA36DE500231B98 /* Sources */,
				4E2B6BEF1FA36DE500231B98 /* Frameworks */,
				4E2B6BF01FA36DE500231B98 /* Resources */,
			);
			buildRules = (
			);
			dependencies = (
				4E2B6BF41FA36DE500231B98 /* PBXTargetDependency */,
			);
			name = TestEmbeddedFrameworkTests;
			productName = TestEmbeddedFrameworkTests;
			productReference = 4E2B6BF21FA36DE500231B98 /* TestEmbeddedFrameworkTests.xctest */;
			productType = "com.apple.product-type.bundle.unit-test";
		};
		4E2B6BFC1FA36DE500231B98 /* TestEmbeddedFrameworkUITests */ = {
			isa = PBXNativeTarget;
			buildConfigurationList = 4E2B6C0C1FA36DE500231B98 /* Build configuration list for PBXNativeTarget "TestEmbeddedFrameworkUITests" */;
			buildPhases = (
				4E2B6BF91FA36DE500231B98 /* Sources */,
				4E2B6BFA1FA36DE500231B98 /* Frameworks */,
				4E2B6BFB1FA36DE500231B98 /* Resources */,
			);
			buildRules = (
			);
			dependencies = (
				4E2B6BFF1FA36DE500231B98 /* PBXTargetDependency */,
			);
			name = TestEmbeddedFrameworkUITests;
			productName = TestEmbeddedFrameworkUITests;
			productReference = 4E2B6BFD1FA36DE500231B98 /* TestEmbeddedFrameworkUITests.xctest */;
			productType = "com.apple.product-type.bundle.ui-testing";
		};
/* End PBXNativeTarget section */

/* Begin PBXProject section */
		4E2B6BD61FA36DE400231B98 /* Project object */ = {
			isa = PBXProject;
			attributes = {
				LastSwiftUpdateCheck = 0900;
				LastUpgradeCheck = 0900;
				ORGANIZATIONNAME = "Gene Backlin";
				TargetAttributes = {
					4E2B6BDD1FA36DE400231B98 = {
						CreatedOnToolsVersion = 9.0.1;
						ProvisioningStyle = Automatic;
					};
					4E2B6BF11FA36DE500231B98 = {
						CreatedOnToolsVersion = 9.0.1;
						ProvisioningStyle = Automatic;
						TestTargetID = 4E2B6BDD1FA36DE400231B98;
					};
					4E2B6BFC1FA36DE500231B98 = {
						CreatedOnToolsVersion = 9.0.1;
						ProvisioningStyle = Automatic;
						TestTargetID = 4E2B6BDD1FA36DE400231B98;
					};
				};
			};
			buildConfigurationList = 4E2B6BD91FA36DE400231B98 /* Build configuration list for PBXProject "TestEmbeddedFramework" */;
			compatibilityVersion = "Xcode 8.0";
			developmentRegion = en;
			hasScannedForEncodings = 0;
			knownRegions = (
				en,
				Base,
			);
			mainGroup = 4E2B6BD51FA36DE400231B98;
			productRefGroup = 4E2B6BDF1FA36DE400231B98 /* Products */;
			projectDirPath = "";
			projectRoot = "";
			targets = (
				4E2B6BDD1FA36DE400231B98 /* TestEmbeddedFramework */,
				4E2B6BF11FA36DE500231B98 /* TestEmbeddedFrameworkTests */,
				4E2B6BFC1FA36DE500231B98 /* TestEmbeddedFrameworkUITests */,
			);
		};
/* End PBXProject section */

/* Begin PBXResourcesBuildPhase section */
		4E2B6BDC1FA36DE400231B98 /* Resources */ = {
			isa = PBXResourcesBuildPhase;
			buildActionMask = 2147483647;
			files = (
				4EB12F291FA37D0F00C12F16 /* EmbeddedFramework.framework in Resources */,
				4E2B6BEC1FA36DE400231B98 /* LaunchScreen.storyboard in Resources */,
				4E2B6BE91FA36DE400231B98 /* Assets.xcassets in Resources */,
				4E2B6BE71FA36DE400231B98 /* Main.storyboard in Resources */,
			);
			runOnlyForDeploymentPostprocessing = 0;
		};
		4E2B6BF01FA36DE500231B98 /* Resources */ = {
			isa = PBXResourcesBuildPhase;
			buildActionMask = 2147483647;
			files = (
			);
			runOnlyForDeploymentPostprocessing = 0;
		};
		4E2B6BFB1FA36DE500231B98 /* Resources */ = {
			isa = PBXResourcesBuildPhase;
			buildActionMask = 2147483647;
			files = (
			);
			runOnlyForDeploymentPostprocessing = 0;
		};
/* End PBXResourcesBuildPhase section */

/* Begin PBXSourcesBuildPhase section */
		4E2B6BDA1FA36DE400231B98 /* Sources */ = {
			isa = PBXSourcesBuildPhase;
			buildActionMask = 2147483647;
			files = (
				4E2B6BE41FA36DE400231B98 /* ViewController.swift in Sources */,
				4E2B6BE21FA36DE400231B98 /* AppDelegate.swift in Sources */,
			);
			runOnlyForDeploymentPostprocessing = 0;
		};
		4E2B6BEE1FA36DE500231B98 /* Sources */ = {
			isa = PBXSourcesBuildPhase;
			buildActionMask = 2147483647;
			files = (
				4E2B6BF71FA36DE500231B98 /* TestEmbeddedFrameworkTests.swift in Sources */,
			);
			runOnlyForDeploymentPostprocessing = 0;
		};
		4E2B6BF91FA36DE500231B98 /* Sources */ = {
			isa = PBXSourcesBuildPhase;
			buildActionMask = 2147483647;
			files = (
				4E2B6C021FA36DE500231B98 /* TestEmbeddedFrameworkUITests.swift in Sources */,
			);
			runOnlyForDeploymentPostprocessing = 0;
		};
/* End PBXSourcesBuildPhase section */

/* Begin PBXTargetDependency section */
		4E2B6BF41FA36DE500231B98 /* PBXTargetDependency */ = {
			isa = PBXTargetDependency;
			target = 4E2B6BDD1FA36DE400231B98 /* TestEmbeddedFramework */;
			targetProxy = 4E2B6BF31FA36DE500231B98 /* PBXContainerItemProxy */;
		};
		4E2B6BFF1FA36DE500231B98 /* PBXTargetDependency */ = {
			isa = PBXTargetDependency;
			target = 4E2B6BDD1FA36DE400231B98 /* TestEmbeddedFramework */;
			targetProxy = 4E2B6BFE1FA36DE500231B98 /* PBXContainerItemProxy */;
		};
/* End PBXTargetDependency section */

/* Begin PBXVariantGroup section */
		4E2B6BE51FA36DE400231B98 /* Main.storyboard */ = {
			isa = PBXVariantGroup;
			children = (
				4E2B6BE61FA36DE400231B98 /* Base */,
			);
			name = Main.storyboard;
			sourceTree = "<group>";
		};
		4E2B6BEA1FA36DE400231B98 /* LaunchScreen.storyboard */ = {
			isa = PBXVariantGroup;
			children = (
				4E2B6BEB1FA36DE400231B98 /* Base */,
			);
			name = LaunchScreen.storyboard;
			sourceTree = "<group>";
		};
/* End PBXVariantGroup section */

/* Begin XCBuildConfiguration section */
		4E2B6C041FA36DE500231B98 /* Debug */ = {
			isa = XCBuildConfiguration;
			buildSettings = {
				ALWAYS_SEARCH_USER_PATHS = NO;
				CLANG_ANALYZER_NONNULL = YES;
				CLANG_ANALYZER_NUMBER_OBJECT_CONVERSION = YES_AGGRESSIVE;
				CLANG_CXX_LANGUAGE_STANDARD = "gnu++14";
				CLANG_CXX_LIBRARY = "libc++";
				CLANG_ENABLE_MODULES = YES;
				CLANG_ENABLE_OBJC_ARC = YES;
				CLANG_WARN_BLOCK_CAPTURE_AUTORELEASING = YES;
				CLANG_WARN_BOOL_CONVERSION = YES;
				CLANG_WARN_COMMA = YES;
				CLANG_WARN_CONSTANT_CONVERSION = YES;
				CLANG_WARN_DIRECT_OBJC_ISA_USAGE = YES_ERROR;
				CLANG_WARN_DOCUMENTATION_COMMENTS = YES;
				CLANG_WARN_EMPTY_BODY = YES;
				CLANG_WARN_ENUM_CONVERSION = YES;
				CLANG_WARN_INFINITE_RECURSION = YES;
				CLANG_WARN_INT_CONVERSION = YES;
				CLANG_WARN_NON_LITERAL_NULL_CONVERSION = YES;
				CLANG_WARN_OBJC_LITERAL_CONVERSION = YES;
				CLANG_WARN_OBJC_ROOT_CLASS = YES_ERROR;
				CLANG_WARN_RANGE_LOOP_ANALYSIS = YES;
				CLANG_WARN_STRICT_PROTOTYPES = YES;
				CLANG_WARN_SUSPICIOUS_MOVE = YES;
				CLANG_WARN_UNGUARDED_AVAILABILITY = YES_AGGRESSIVE;
				CLANG_WARN_UNREACHABLE_CODE = YES;
				CLANG_WARN__DUPLICATE_METHOD_MATCH = YES;
				CODE_SIGN_IDENTITY = "iPhone Developer";
				COPY_PHASE_STRIP = NO;
				DEBUG_INFORMATION_FORMAT = dwarf;
				ENABLE_STRICT_OBJC_MSGSEND = YES;
				ENABLE_TESTABILITY = YES;
				GCC_C_LANGUAGE_STANDARD = gnu11;
				GCC_DYNAMIC_NO_PIC = NO;
				GCC_NO_COMMON_BLOCKS = YES;
				GCC_OPTIMIZATION_LEVEL = 0;
				GCC_PREPROCESSOR_DEFINITIONS = (
					"DEBUG=1",
					"$(inherited)",
				);
				GCC_WARN_64_TO_32_BIT_CONVERSION = YES;
				GCC_WARN_ABOUT_RETURN_TYPE = YES_ERROR;
				GCC_WARN_UNDECLARED_SELECTOR = YES;
				GCC_WARN_UNINITIALIZED_AUTOS = YES_AGGRESSIVE;
				GCC_WARN_UNUSED_FUNCTION = YES;
				GCC_WARN_UNUSED_VARIABLE = YES;
				IPHONEOS_DEPLOYMENT_TARGET = 11.0;
				MTL_ENABLE_DEBUG_INFO = YES;
				ONLY_ACTIVE_ARCH = YES;
				SDKROOT = iphoneos;
				SWIFT_ACTIVE_COMPILATION_CONDITIONS = DEBUG;
				SWIFT_OPTIMIZATION_LEVEL = "-Onone";
			};
			name = Debug;
		};
		4E2B6C051FA36DE500231B98 /* Release */ = {
			isa = XCBuildConfiguration;
			buildSettings = {
				ALWAYS_SEARCH_USER_PATHS = NO;
				CLANG_ANALYZER_NONNULL = YES;
				CLANG_ANALYZER_NUMBER_OBJECT_CONVERSION = YES_AGGRESSIVE;
				CLANG_CXX_LANGUAGE_STANDARD = "gnu++14";
				CLANG_CXX_LIBRARY = "libc++";
				CLANG_ENABLE_MODULES = YES;
				CLANG_ENABLE_OBJC_ARC = YES;
				CLANG_WARN_BLOCK_CAPTURE_AUTORELEASING = YES;
				CLANG_WARN_BOOL_CONVERSION = YES;
				CLANG_WARN_COMMA = YES;
				CLANG_WARN_CONSTANT_CONVERSION = YES;
				CLANG_WARN_DIRECT_OBJC_ISA_USAGE = YES_ERROR;
				CLANG_WARN_DOCUMENTATION_COMMENTS = YES;
				CLANG_WARN_EMPTY_BODY = YES;
				CLANG_WARN_ENUM_CONVERSION = YES;
				CLANG_WARN_INFINITE_RECURSION = YES;
				CLANG_WARN_INT_CONVERSION = YES;
				CLANG_WARN_NON_LITERAL_NULL_CONVERSION = YES;
				CLANG_WARN_OBJC_LITERAL_CONVERSION = YES;
				CLANG_WARN_OBJC_ROOT_CLASS = YES_ERROR;
				CLANG_WARN_RANGE_LOOP_ANALYSIS = YES;
				CLANG_WARN_STRICT_PROTOTYPES = YES;
				CLANG_WARN_SUSPICIOUS_MOVE = YES;
				CLANG_WARN_UNGUARDED_AVAILABILITY = YES_AGGRESSIVE;
				CLANG_WARN_UNREACHABLE_CODE = YES;
				CLANG_WARN__DUPLICATE_METHOD_MATCH = YES;
				CODE_SIGN_IDENTITY = "iPhone Developer";
				COPY_PHASE_STRIP = NO;
				DEBUG_INFORMATION_FORMAT = "dwarf-with-dsym";
				ENABLE_NS_ASSERTIONS = NO;
				ENABLE_STRICT_OBJC_MSGSEND = YES;
				GCC_C_LANGUAGE_STANDARD = gnu11;
				GCC_NO_COMMON_BLOCKS = YES;
				GCC_WARN_64_TO_32_BIT_CONVERSION = YES;
				GCC_WARN_ABOUT_RETURN_TYPE = YES_ERROR;
				GCC_WARN_UNDECLARED_SELECTOR = YES;
				GCC_WARN_UNINITIALIZED_AUTOS = YES_AGGRESSIVE;
				GCC_WARN_UNUSED_FUNCTION = YES;
				GCC_WARN_UNUSED_VARIABLE = YES;
				IPHONEOS_DEPLOYMENT_TARGET = 11.0;
				MTL_ENABLE_DEBUG_INFO = NO;
				SDKROOT = iphoneos;
				SWIFT_OPTIMIZATION_LEVEL = "-Owholemodule";
				VALIDATE_PRODUCT = YES;
			};
			name = Release;
		};
		4E2B6C071FA36DE500231B98 /* Debug */ = {
			isa = XCBuildConfiguration;
			buildSettings = {
				ASSETCATALOG_COMPILER_APPICON_NAME = AppIcon;
				CODE_SIGN_STYLE = Automatic;
				DEVELOPMENT_TEAM = 8DT5Y3HP4L;
				INFOPLIST_FILE = TestEmbeddedFramework/Info.plist;
				LD_RUNPATH_SEARCH_PATHS = "$(inherited) @executable_path/Frameworks";
				PRODUCT_BUNDLE_IDENTIFIER = com.marizack.TestEmbeddedFramework;
				PRODUCT_NAME = "$(TARGET_NAME)";
				SWIFT_VERSION = 4.0;
				TARGETED_DEVICE_FAMILY = "1,2";
			};
			name = Debug;
		};
		4E2B6C081FA36DE500231B98 /* Release */ = {
			isa = XCBuildConfiguration;
			buildSettings = {
				ASSETCATALOG_COMPILER_APPICON_NAME = AppIcon;
				CODE_SIGN_STYLE = Automatic;
				DEVELOPMENT_TEAM = 8DT5Y3HP4L;
				INFOPLIST_FILE = TestEmbeddedFramework/Info.plist;
				LD_RUNPATH_SEARCH_PATHS = "$(inherited) @executable_path/Frameworks";
				PRODUCT_BUNDLE_IDENTIFIER = com.marizack.TestEmbeddedFramework;
				PRODUCT_NAME = "$(TARGET_NAME)";
				SWIFT_VERSION = 4.0;
				TARGETED_DEVICE_FAMILY = "1,2";
			};
			name = Release;
		};
		4E2B6C0A1FA36DE500231B98 /* Debug */ = {
			isa = XCBuildConfiguration;
			buildSettings = {
				ALWAYS_EMBED_SWIFT_STANDARD_LIBRARIES = YES;
				BUNDLE_LOADER = "$(TEST_HOST)";
				CODE_SIGN_STYLE = Automatic;
				DEVELOPMENT_TEAM = 8DT5Y3HP4L;
				INFOPLIST_FILE = TestEmbeddedFrameworkTests/Info.plist;
				LD_RUNPATH_SEARCH_PATHS = "$(inherited) @executable_path/Frameworks @loader_path/Frameworks";
				PRODUCT_BUNDLE_IDENTIFIER = com.marizack.TestEmbeddedFrameworkTests;
				PRODUCT_NAME = "$(TARGET_NAME)";
				SWIFT_VERSION = 4.0;
				TARGETED_DEVICE_FAMILY = "1,2";
				TEST_HOST = "$(BUILT_PRODUCTS_DIR)/TestEmbeddedFramework.app/TestEmbeddedFramework";
			};
			name = Debug;
		};
		4E2B6C0B1FA36DE500231B98 /* Release */ = {
			isa = XCBuildConfiguration;
			buildSettings = {
				ALWAYS_EMBED_SWIFT_STANDARD_LIBRARIES = YES;
				BUNDLE_LOADER = "$(TEST_HOST)";
				CODE_SIGN_STYLE = Automatic;
				DEVELOPMENT_TEAM = 8DT5Y3HP4L;
				INFOPLIST_FILE = TestEmbeddedFrameworkTests/Info.plist;
				LD_RUNPATH_SEARCH_PATHS = "$(inherited) @executable_path/Frameworks @loader_path/Frameworks";
				PRODUCT_BUNDLE_IDENTIFIER = com.marizack.TestEmbeddedFrameworkTests;
				PRODUCT_NAME = "$(TARGET_NAME)";
				SWIFT_VERSION = 4.0;
				TARGETED_DEVICE_FAMILY = "1,2";
				TEST_HOST = "$(BUILT_PRODUCTS_DIR)/TestEmbeddedFramework.app/TestEmbeddedFramework";
			};
			name = Release;
		};
		4E2B6C0D1FA36DE500231B98 /* Debug */ = {
			isa = XCBuildConfiguration;
			buildSettings = {
				ALWAYS_EMBED_SWIFT_STANDARD_LIBRARIES = YES;
				CODE_SIGN_STYLE = Automatic;
				DEVELOPMENT_TEAM = 8DT5Y3HP4L;
				INFOPLIST_FILE = TestEmbeddedFrameworkUITests/Info.plist;
				LD_RUNPATH_SEARCH_PATHS = "$(inherited) @executable_path/Frameworks @loader_path/Frameworks";
				PRODUCT_BUNDLE_IDENTIFIER = com.marizack.TestEmbeddedFrameworkUITests;
				PRODUCT_NAME = "$(TARGET_NAME)";
				SWIFT_VERSION = 4.0;
				TARGETED_DEVICE_FAMILY = "1,2";
				TEST_TARGET_NAME = TestEmbeddedFramework;
			};
			name = Debug;
		};
		4E2B6C0E1FA36DE500231B98 /* Release */ = {
			isa = XCBuildConfiguration;
			buildSettings = {
				ALWAYS_EMBED_SWIFT_STANDARD_LIBRARIES = YES;
				CODE_SIGN_STYLE = Automatic;
				DEVELOPMENT_TEAM = 8DT5Y3HP4L;
				INFOPLIST_FILE = TestEmbeddedFrameworkUITests/Info.plist;
				LD_RUNPATH_SEARCH_PATHS = "$(inherited) @executable_path/Frameworks @loader_path/Frameworks";
				PRODUCT_BUNDLE_IDENTIFIER = com.marizack.TestEmbeddedFrameworkUITests;
				PRODUCT_NAME = "$(TARGET_NAME)";
				SWIFT_VERSION = 4.0;
				TARGETED_DEVICE_FAMILY = "1,2";
				TEST_TARGET_NAME = TestEmbeddedFramework;
			};
			name = Release;
		};
/* End XCBuildConfiguration section */

/* Begin XCConfigurationList section */
		4E2B6BD91FA36DE400231B98 /* Build configuration list for PBXProject "TestEmbeddedFramework" */ = {
			isa = XCConfigurationList;
			buildConfigurations = (
				4E2B6C041FA36DE500231B98 /* Debug */,
				4E2B6C051FA36DE500231B98 /* Release */,
			);
			defaultConfigurationIsVisible = 0;
			defaultConfigurationName = Release;
		};
		4E2B6C061FA36DE500231B98 /* Build configuration list for PBXNativeTarget "TestEmbeddedFramework" */ = {
			isa = XCConfigurationList;
			buildConfigurations = (
				4E2B6C071FA36DE500231B98 /* Debug */,
				4E2B6C081FA36DE500231B98 /* Release */,
			);
			defaultConfigurationIsVisible = 0;
			defaultConfigurationName = Release;
		};
		4E2B6C091FA36DE500231B98 /* Build configuration list for PBXNativeTarget "TestEmbeddedFrameworkTests" */ = {
			isa = XCConfigurationList;
			buildConfigurations = (
				4E2B6C0A1FA36DE500231B98 /* Debug */,
				4E2B6C0B1FA36DE500231B98 /* Release */,
			);
			defaultConfigurationIsVisible = 0;
			defaultConfigurationName = Release;
		};
		4E2B6C0C1FA36DE500231B98 /* Build configuration list for PBXNativeTarget "TestEmbeddedFrameworkUITests" */ = {
			isa = XCConfigurationList;
			buildConfigurations = (
				4E2B6C0D1FA36DE500231B98 /* Debug */,
				4E2B6C0E1FA36DE500231B98 /* Release */,
			);
			defaultConfigurationIsVisible = 0;
			defaultConfigurationName = Release;
		};
/* End XCConfigurationList section */
	};
	rootObject = 4E2B6BD61FA36DE400231B98 /* Project object */;
}
